// !$*UTF8*$!
{
	archiveVersion = 1;
	classes = {
	};
	objectVersion = 50;
	objects = {

/* Begin PBXBuildFile section */
		CC984D2B2390366B00494980 /* AppDelegate.swift in Sources */ = {isa = PBXBuildFile; fileRef = CC984D2A2390366B00494980 /* AppDelegate.swift */; };
		CC984D2D2390366B00494980 /* SceneDelegate.swift in Sources */ = {isa = PBXBuildFile; fileRef = CC984D2C2390366B00494980 /* SceneDelegate.swift */; };
		CC984D2F2390366B00494980 /* ViewController.swift in Sources */ = {isa = PBXBuildFile; fileRef = CC984D2E2390366B00494980 /* ViewController.swift */; };
		CC984D322390366B00494980 /* Main.storyboard in Resources */ = {isa = PBXBuildFile; fileRef = CC984D302390366B00494980 /* Main.storyboard */; };
		CC984D342390366D00494980 /* Assets.xcassets in Resources */ = {isa = PBXBuildFile; fileRef = CC984D332390366D00494980 /* Assets.xcassets */; };
		CC984D372390366D00494980 /* LaunchScreen.storyboard in Resources */ = {isa = PBXBuildFile; fileRef = CC984D352390366D00494980 /* LaunchScreen.storyboard */; };
		CC984D3F239036CE00494980 /* Cupcake.swift in Sources */ = {isa = PBXBuildFile; fileRef = CC984D3E239036CE00494980 /* Cupcake.swift */; };
/* End PBXBuildFile section */

/* Begin PBXFileReference section */
		CC984D272390366B00494980 /* iOSCupcakes.app */ = {isa = PBXFileReference; explicitFileType = wrapper.application; includeInIndex = 0; path = iOSCupcakes.app; sourceTree = BUILT_PRODUCTS_DIR; };
		CC984D2A2390366B00494980 /* AppDelegate.swift */ = {isa = PBXFileReference; lastKnownFileType = sourcecode.swift; path = AppDelegate.swift; sourceTree = "<group>"; };
		CC984D2C2390366B00494980 /* SceneDelegate.swift */ = {isa = PBXFileReference; lastKnownFileType = sourcecode.swift; path = SceneDelegate.swift; sourceTree = "<group>"; };
		CC984D2E2390366B00494980 /* ViewController.swift */ = {isa = PBXFileReference; lastKnownFileType = sourcecode.swift; path = ViewController.swift; sourceTree = "<group>"; };
		CC984D312390366B00494980 /* Base */ = {isa = PBXFileReference; lastKnownFileType = file.storyboard; name = Base; path = Base.lproj/Main.storyboard; sourceTree = "<group>"; };
		CC984D332390366D00494980 /* Assets.xcassets */ = {isa = PBXFileReference; lastKnownFileType = folder.assetcatalog; path = Assets.xcassets; sourceTree = "<group>"; };
		CC984D362390366D00494980 /* Base */ = {isa = PBXFileReference; lastKnownFileType = file.storyboard; name = Base; path = Base.lproj/LaunchScreen.storyboard; sourceTree = "<group>"; };
		CC984D382390366D00494980 /* Info.plist */ = {isa = PBXFileReference; lastKnownFileType = text.plist.xml; path = Info.plist; sourceTree = "<group>"; };
		CC984D3E239036CE00494980 /* Cupcake.swift */ = {isa = PBXFileReference; lastKnownFileType = sourcecode.swift; path = Cupcake.swift; sourceTree = "<group>"; };
/* End PBXFileReference section */

/* Begin PBXFrameworksBuildPhase section */
		CC984D242390366B00494980 /* Frameworks */ = {
			isa = PBXFrameworksBuildPhase;
			buildActionMask = 2147483647;
			files = (
			);
			runOnlyForDeploymentPostprocessing = 0;
		};
/* End PBXFrameworksBuildPhase section */

/* Begin PBXGroup section */
		CC984D1E2390366B00494980 = {
			isa = PBXGroup;
			children = (
				CC984D292390366B00494980 /* iOSCupcakes */,
				CC984D282390366B00494980 /* Products */,
			);
			sourceTree = "<group>";
		};
		CC984D282390366B00494980 /* Products */ = {
			isa = PBXGroup;
			children = (
				CC984D272390366B00494980 /* iOSCupcakes.app */,
			);
			name = Products;
			sourceTree = "<group>";
		};
		CC984D292390366B00494980 /* iOSCupcakes */ = {
			isa = PBXGroup;
			children = (
				CC984D2A2390366B00494980 /* AppDelegate.swift */,
				CC984D2C2390366B00494980 /* SceneDelegate.swift */,
				CC984D2E2390366B00494980 /* ViewController.swift */,
				CC984D3E239036CE00494980 /* Cupcake.swift */,
				CC984D302390366B00494980 /* Main.storyboard */,
				CC984D332390366D00494980 /* Assets.xcassets */,
				CC984D352390366D00494980 /* LaunchScreen.storyboard */,
				CC984D382390366D00494980 /* Info.plist */,
			);
			path = iOSCupcakes;
			sourceTree = "<group>";
		};
/* End PBXGroup section */

/* Begin PBXNativeTarget section */
		CC984D262390366B00494980 /* iOSCupcakes */ = {
			isa = PBXNativeTarget;
			buildConfigurationList = CC984D3B2390366D00494980 /* Build configuration list for PBXNativeTarget "iOSCupcakes" */;
			buildPhases = (
				CC984D232390366B00494980 /* Sources */,
				CC984D242390366B00494980 /* Frameworks */,
				CC984D252390366B00494980 /* Resources */,
			);
			buildRules = (
			);
			dependencies = (
			);
			name = iOSCupcakes;
			productName = iOSCupcakes;
			productReference = CC984D272390366B00494980 /* iOSCupcakes.app */;
			productType = "com.apple.product-type.application";
		};
/* End PBXNativeTarget section */

/* Begin PBXProject section */
		CC984D1F2390366B00494980 /* Project object */ = {
			isa = PBXProject;
			attributes = {
				LastSwiftUpdateCheck = 1120;
				LastUpgradeCheck = 1120;
				ORGANIZATIONNAME = "John Kouris";
				TargetAttributes = {
					CC984D262390366B00494980 = {
						CreatedOnToolsVersion = 11.2.1;
					};
				};
			};
			buildConfigurationList = CC984D222390366B00494980 /* Build configuration list for PBXProject "iOSCupcakes" */;
			compatibilityVersion = "Xcode 9.3";
			developmentRegion = en;
			hasScannedForEncodings = 0;
			knownRegions = (
				en,
				Base,
			);
			mainGroup = CC984D1E2390366B00494980;
			productRefGroup = CC984D282390366B00494980 /* Products */;
			projectDirPath = "";
			projectRoot = "";
			targets = (
				CC984D262390366B00494980 /* iOSCupcakes */,
			);
		};
/* End PBXProject section */

/* Begin PBXResourcesBuildPhase section */
		CC984D252390366B00494980 /* Resources */ = {
			isa = PBXResourcesBuildPhase;
			buildActionMask = 2147483647;
			files = (
				CC984D372390366D00494980 /* LaunchScreen.storyboard in Resources */,
				CC984D342390366D00494980 /* Assets.xcassets in Resources */,
				CC984D322390366B00494980 /* Main.storyboard in Resources */,
			);
			runOnlyForDeploymentPostprocessing = 0;
		};
/* End PBXResourcesBuildPhase section */

/* Begin PBXSourcesBuildPhase section */
		CC984D232390366B00494980 /* Sources */ = {
			isa = PBXSourcesBuildPhase;
			buildActionMask = 2147483647;
			files = (
				CC984D3F239036CE00494980 /* Cupcake.swift in Sources */,
				CC984D2F2390366B00494980 /* ViewController.swift in Sources */,
				CC984D2B2390366B00494980 /* AppDelegate.swift in Sources */,
				CC984D2D2390366B00494980 /* SceneDelegate.swift in Sources */,
			);
			runOnlyForDeploymentPostprocessing = 0;
		};
/* End PBXSourcesBuildPhase section */

/* Begin PBXVariantGroup section */
		CC984D302390366B00494980 /* Main.storyboard */ = {
			isa = PBXVariantGroup;
			children = (
				CC984D312390366B00494980 /* Base */,
			);
			name = Main.storyboard;
			sourceTree = "<group>";
		};
		CC984D352390366D00494980 /* LaunchScreen.storyboard */ = {
			isa = PBXVariantGroup;
			children = (
				CC984D362390366D00494980 /* Base */,
			);
			name = LaunchScreen.storyboard;
			sourceTree = "<group>";
		};
/* End PBXVariantGroup section */

/* Begin XCBuildConfiguration section */
		CC984D392390366D00494980 /* Debug */ = {
			isa = XCBuildConfiguration;
			buildSettings = {
				ALWAYS_SEARCH_USER_PATHS = NO;
				CLANG_ANALYZER_NONNULL = YES;
				CLANG_ANALYZER_NUMBER_OBJECT_CONVERSION = YES_AGGRESSIVE;
				CLANG_CXX_LANGUAGE_STANDARD = "gnu++14";
				CLANG_CXX_LIBRARY = "libc++";
				CLANG_ENABLE_MODULES = YES;
				CLANG_ENABLE_OBJC_ARC = YES;
				CLANG_ENABLE_OBJC_WEAK = YES;
				CLANG_WARN_BLOCK_CAPTURE_AUTORELEASING = YES;
				CLANG_WARN_BOOL_CONVERSION = YES;
				CLANG_WARN_COMMA = YES;
				CLANG_WARN_CONSTANT_CONVERSION = YES;
				CLANG_WARN_DEPRECATED_OBJC_IMPLEMENTATIONS = YES;
				CLANG_WARN_DIRECT_OBJC_ISA_USAGE = YES_ERROR;
				CLANG_WARN_DOCUMENTATION_COMMENTS = YES;
				CLANG_WARN_EMPTY_BODY = YES;
				CLANG_WARN_ENUM_CONVERSION = YES;
				CLANG_WARN_INFINITE_RECURSION = YES;
				CLANG_WARN_INT_CONVERSION = YES;
				CLANG_WARN_NON_LITERAL_NULL_CONVERSION = YES;
				CLANG_WARN_OBJC_IMPLICIT_RETAIN_SELF = YES;
				CLANG_WARN_OBJC_LITERAL_CONVERSION = YES;
				CLANG_WARN_OBJC_ROOT_CLASS = YES_ERROR;
				CLANG_WARN_RANGE_LOOP_ANALYSIS = YES;
				CLANG_WARN_STRICT_PROTOTYPES = YES;
				CLANG_WARN_SUSPICIOUS_MOVE = YES;
				CLANG_WARN_UNGUARDED_AVAILABILITY = YES_AGGRESSIVE;
				CLANG_WARN_UNREACHABLE_CODE = YES;
				CLANG_WARN__DUPLICATE_METHOD_MATCH = YES;
				COPY_PHASE_STRIP = NO;
				DEBUG_INFORMATION_FORMAT = dwarf;
				ENABLE_STRICT_OBJC_MSGSEND = YES;
				ENABLE_TESTABILITY = YES;
				GCC_C_LANGUAGE_STANDARD = gnu11;
				GCC_DYNAMIC_NO_PIC = NO;
				GCC_NO_COMMON_BLOCKS = YES;
				GCC_OPTIMIZATION_LEVEL = 0;
				GCC_PREPROCESSOR_DEFINITIONS = (
					"DEBUG=1",
					"$(inherited)",
				);
				GCC_WARN_64_TO_32_BIT_CONVERSION = YES;
				GCC_WARN_ABOUT_RETURN_TYPE = YES_ERROR;
				GCC_WARN_UNDECLARED_SELECTOR = YES;
				GCC_WARN_UNINITIALIZED_AUTOS = YES_AGGRESSIVE;
				GCC_WARN_UNUSED_FUNCTION = YES;
				GCC_WARN_UNUSED_VARIABLE = YES;
				IPHONEOS_DEPLOYMENT_TARGET = 13.2;
				MTL_ENABLE_DEBUG_INFO = INCLUDE_SOURCE;
				MTL_FAST_MATH = YES;
				ONLY_ACTIVE_ARCH = YES;
				SDKROOT = iphoneos;
				SWIFT_ACTIVE_COMPILATION_CONDITIONS = DEBUG;
				SWIFT_OPTIMIZATION_LEVEL = "-Onone";
			};
			name = Debug;
		};
		CC984D3A2390366D00494980 /* Release */ = {
			isa = XCBuildConfiguration;
			buildSettings = {
				ALWAYS_SEARCH_USER_PATHS = NO;
				CLANG_ANALYZER_NONNULL = YES;
				CLANG_ANALYZER_NUMBER_OBJECT_CONVERSION = YES_AGGRESSIVE;
				CLANG_CXX_LANGUAGE_STANDARD = "gnu++14";
				CLANG_CXX_LIBRARY = "libc++";
				CLANG_ENABLE_MODULES = YES;
				CLANG_ENABLE_OBJC_ARC = YES;
				CLANG_ENABLE_OBJC_WEAK = YES;
				CLANG_WARN_BLOCK_CAPTURE_AUTORELEASING = YES;
				CLANG_WARN_BOOL_CONVERSION = YES;
				CLANG_WARN_COMMA = YES;
				CLANG_WARN_CONSTANT_CONVERSION = YES;
				CLANG_WARN_DEPRECATED_OBJC_IMPLEMENTATIONS = YES;
				CLANG_WARN_DIRECT_OBJC_ISA_USAGE = YES_ERROR;
				CLANG_WARN_DOCUMENTATION_COMMENTS = YES;
				CLANG_WARN_EMPTY_BODY = YES;
				CLANG_WARN_ENUM_CONVERSION = YES;
				CLANG_WARN_INFINITE_RECURSION = YES;
				CLANG_WARN_INT_CONVERSION = YES;
				CLANG_WARN_NON_LITERAL_NULL_CONVERSION = YES;
				CLANG_WARN_OBJC_IMPLICIT_RETAIN_SELF = YES;
				CLANG_WARN_OBJC_LITERAL_CONVERSION = YES;
				CLANG_WARN_OBJC_ROOT_CLASS = YES_ERROR;
				CLANG_WARN_RANGE_LOOP_ANALYSIS = YES;
				CLANG_WARN_STRICT_PROTOTYPES = YES;
				CLANG_WARN_SUSPICIOUS_MOVE = YES;
				CLANG_WARN_UNGUARDED_AVAILABILITY = YES_AGGRESSIVE;
				CLANG_WARN_UNREACHABLE_CODE = YES;
				CLANG_WARN__DUPLICATE_METHOD_MATCH = YES;
				COPY_PHASE_STRIP = NO;
				DEBUG_INFORMATION_FORMAT = "dwarf-with-dsym";
				ENABLE_NS_ASSERTIONS = NO;
				ENABLE_STRICT_OBJC_MSGSEND = YES;
				GCC_C_LANGUAGE_STANDARD = gnu11;
				GCC_NO_COMMON_BLOCKS = YES;
				GCC_WARN_64_TO_32_BIT_CONVERSION = YES;
				GCC_WARN_ABOUT_RETURN_TYPE = YES_ERROR;
				GCC_WARN_UNDECLARED_SELECTOR = YES;
				GCC_WARN_UNINITIALIZED_AUTOS = YES_AGGRESSIVE;
				GCC_WARN_UNUSED_FUNCTION = YES;
				GCC_WARN_UNUSED_VARIABLE = YES;
				IPHONEOS_DEPLOYMENT_TARGET = 13.2;
				MTL_ENABLE_DEBUG_INFO = NO;
				MTL_FAST_MATH = YES;
				SDKROOT = iphoneos;
				SWIFT_COMPILATION_MODE = wholemodule;
				SWIFT_OPTIMIZATION_LEVEL = "-O";
				VALIDATE_PRODUCT = YES;
			};
			name = Release;
		};
		CC984D3C2390366D00494980 /* Debug */ = {
			isa = XCBuildConfiguration;
			buildSettings = {
				ASSETCATALOG_COMPILER_APPICON_NAME = AppIcon;
				CODE_SIGN_STYLE = Automatic;
				DEVELOPMENT_TEAM = SE96QQ4Q6G;
				INFOPLIST_FILE = iOSCupcakes/Info.plist;
				LD_RUNPATH_SEARCH_PATHS = (
					"$(inherited)",
					"@executable_path/Frameworks",
				);
				PRODUCT_BUNDLE_IDENTIFIER = com.JohnKouris.iOSCupcakes;
				PRODUCT_NAME = "$(TARGET_NAME)";
				SWIFT_VERSION = 5.0;
				TARGETED_DEVICE_FAMILY = "1,2";
			};
			name = Debug;
		};
		CC984D3D2390366D00494980 /* Release */ = {
			isa = XCBuildConfiguration;
			buildSettings = {
				ASSETCATALOG_COMPILER_APPICON_NAME = AppIcon;
				CODE_SIGN_STYLE = Automatic;
				DEVELOPMENT_TEAM = SE96QQ4Q6G;
				INFOPLIST_FILE = iOSCupcakes/Info.plist;
				LD_RUNPATH_SEARCH_PATHS = (
					"$(inherited)",
					"@executable_path/Frameworks",
				);
				PRODUCT_BUNDLE_IDENTIFIER = com.JohnKouris.iOSCupcakes;
				PRODUCT_NAME = "$(TARGET_NAME)";
				SWIFT_VERSION = 5.0;
				TARGETED_DEVICE_FAMILY = "1,2";
			};
			name = Release;
		};
/* End XCBuildConfiguration section */

/* Begin XCConfigurationList section */
		CC984D222390366B00494980 /* Build configuration list for PBXProject "iOSCupcakes" */ = {
			isa = XCConfigurationList;
			buildConfigurations = (
				CC984D392390366D00494980 /* Debug */,
				CC984D3A2390366D00494980 /* Release */,
			);
			defaultConfigurationIsVisible = 0;
			defaultConfigurationName = Release;
		};
		CC984D3B2390366D00494980 /* Build configuration list for PBXNativeTarget "iOSCupcakes" */ = {
			isa = XCConfigurationList;
			buildConfigurations = (
				CC984D3C2390366D00494980 /* Debug */,
				CC984D3D2390366D00494980 /* Release */,
			);
			defaultConfigurationIsVisible = 0;
			defaultConfigurationName = Release;
		};
/* End XCConfigurationList section */
	};
	rootObject = CC984D1F2390366B00494980 /* Project object */;
}
